
Microsoft Visual Studio Solution File, Format Version 12.00
# Visual Studio Version 16
VisualStudioVersion = 16.0.30320.27
MinimumVisualStudioVersion = 10.0.40219.1
Project("{9A19103F-16F7-4668-BE54-9A1E7A4F7556}") = "CaesarCipherService", "CaesarCipherService\CaesarCipherService.csproj", "{6296477C-DB9F-4F58-83B0-27792E2AC0B3}"
EndProject
Project("{2150E333-8FDC-42A3-9474-1A3956D46DE8}") = "Solution Items", "Solution Items", "{F85E0953-0E3A-4EB7-B059-F3E6E38C0054}"
	ProjectSection(SolutionItems) = preProject
		README.md = README.md
	EndProjectSection
EndProject
Project("{FAE04EC0-301F-11D3-BF4B-00C04F79EFBC}") = "MorseCodeService", "MorseCodeService\MorseCodeService.csproj", "{0AF82F5B-F4B2-4695-8E9E-FEE36D15D962}"
EndProject
Global
	GlobalSection(SolutionConfigurationPlatforms) = preSolution
		Debug|Any CPU = Debug|Any CPU
		Release|Any CPU = Release|Any CPU
	EndGlobalSection
	GlobalSection(ProjectConfigurationPlatforms) = postSolution
		{6296477C-DB9F-4F58-83B0-27792E2AC0B3}.Debug|Any CPU.ActiveCfg = Debug|Any CPU
		{6296477C-DB9F-4F58-83B0-27792E2AC0B3}.Debug|Any CPU.Build.0 = Debug|Any CPU
		{6296477C-DB9F-4F58-83B0-27792E2AC0B3}.Release|Any CPU.ActiveCfg = Release|Any CPU
		{6296477C-DB9F-4F58-83B0-27792E2AC0B3}.Release|Any CPU.Build.0 = Release|Any CPU
		{0AF82F5B-F4B2-4695-8E9E-FEE36D15D962}.Debug|Any CPU.ActiveCfg = Debug|Any CPU
		{0AF82F5B-F4B2-4695-8E9E-FEE36D15D962}.Debug|Any CPU.Build.0 = Debug|Any CPU
		{0AF82F5B-F4B2-4695-8E9E-FEE36D15D962}.Release|Any CPU.ActiveCfg = Release|Any CPU
		{0AF82F5B-F4B2-4695-8E9E-FEE36D15D962}.Release|Any CPU.Build.0 = Release|Any CPU
	EndGlobalSection
	GlobalSection(SolutionProperties) = preSolution
		HideSolutionNode = FALSE
	EndGlobalSection
	GlobalSection(ExtensibilityGlobals) = postSolution
		SolutionGuid = {5C9A135D-7010-413F-A0FF-27B5550B6F20}
	EndGlobalSection
EndGlobal
